
Microsoft Visual Studio Solution File, Format Version 12.00
# Visual Studio 2013
VisualStudioVersion = 12.0.21005.1
MinimumVisualStudioVersion = 10.0.40219.1
Project("{FAE04EC0-301F-11D3-BF4B-00C04F79EFBC}") = "AdministrationCenter", "WpfApplication1\AdministrationCenter.csproj", "{94540B51-B01E-4792-A049-79BFE79EC83C}"
EndProject
Project("{FAE04EC0-301F-11D3-BF4B-00C04F79EFBC}") = "PicViewer", "..\..\ExternalLibs\PicViewer_async\PicViewer\PicViewer.csproj", "{617A7B35-06F5-4BCB-81BA-BB3746E2C0A3}"
EndProject
Project("{FAE04EC0-301F-11D3-BF4B-00C04F79EFBC}") = "DragAndDrop", "DragAndDrop\DragAndDrop\DragAndDrop.csproj", "{98E0081E-B4C1-4487-B66E-84979DCE8882}"
EndProject
Project("{FAE04EC0-301F-11D3-BF4B-00C04F79EFBC}") = "DAL", "..\..\Libs\Server\DAL\CamiherLocalDAL\CamiherLocalDal\DAL.csproj", "{D29840E8-C1CE-4AB6-ACD3-1A839AA6CB3E}"
EndProject
Project("{FAE04EC0-301F-11D3-BF4B-00C04F79EFBC}") = "DataProviders", "..\..\Libs\DataProviders\DataProviders\DataProviders.csproj", "{3338FD4A-4C30-48AE-A767-2AC9A2E9B34B}"
EndProject
Project("{FAE04EC0-301F-11D3-BF4B-00C04F79EFBC}") = "Common", "..\..\Libs\Common\Common.csproj", "{7C9B4AC9-07BF-4701-97C3-AC623B8D8C9F}"
EndProject
Global
	GlobalSection(SolutionConfigurationPlatforms) = preSolution
		Debug|Any CPU = Debug|Any CPU
		Debug|Mixed Platforms = Debug|Mixed Platforms
		Debug|x86 = Debug|x86
		Release|Any CPU = Release|Any CPU
		Release|Mixed Platforms = Release|Mixed Platforms
		Release|x86 = Release|x86
	EndGlobalSection
	GlobalSection(ProjectConfigurationPlatforms) = postSolution
		{94540B51-B01E-4792-A049-79BFE79EC83C}.Debug|Any CPU.ActiveCfg = Debug|x86
		{94540B51-B01E-4792-A049-79BFE79EC83C}.Debug|Mixed Platforms.ActiveCfg = Debug|x86
		{94540B51-B01E-4792-A049-79BFE79EC83C}.Debug|Mixed Platforms.Build.0 = Debug|x86
		{94540B51-B01E-4792-A049-79BFE79EC83C}.Debug|x86.ActiveCfg = Debug|x86
		{94540B51-B01E-4792-A049-79BFE79EC83C}.Debug|x86.Build.0 = Debug|x86
		{94540B51-B01E-4792-A049-79BFE79EC83C}.Release|Any CPU.ActiveCfg = Release|x86
		{94540B51-B01E-4792-A049-79BFE79EC83C}.Release|Any CPU.Build.0 = Release|x86
		{94540B51-B01E-4792-A049-79BFE79EC83C}.Release|Mixed Platforms.ActiveCfg = Release|x86
		{94540B51-B01E-4792-A049-79BFE79EC83C}.Release|Mixed Platforms.Build.0 = Release|x86
		{94540B51-B01E-4792-A049-79BFE79EC83C}.Release|x86.ActiveCfg = Release|x86
		{94540B51-B01E-4792-A049-79BFE79EC83C}.Release|x86.Build.0 = Release|x86
		{617A7B35-06F5-4BCB-81BA-BB3746E2C0A3}.Debug|Any CPU.ActiveCfg = Debug|x86
		{617A7B35-06F5-4BCB-81BA-BB3746E2C0A3}.Debug|Mixed Platforms.ActiveCfg = Debug|x86
		{617A7B35-06F5-4BCB-81BA-BB3746E2C0A3}.Debug|Mixed Platforms.Build.0 = Debug|x86
		{617A7B35-06F5-4BCB-81BA-BB3746E2C0A3}.Debug|x86.ActiveCfg = Debug|x86
		{617A7B35-06F5-4BCB-81BA-BB3746E2C0A3}.Debug|x86.Build.0 = Debug|x86
		{617A7B35-06F5-4BCB-81BA-BB3746E2C0A3}.Release|Any CPU.ActiveCfg = Release|x86
		{617A7B35-06F5-4BCB-81BA-BB3746E2C0A3}.Release|Any CPU.Build.0 = Release|x86
		{617A7B35-06F5-4BCB-81BA-BB3746E2C0A3}.Release|Mixed Platforms.ActiveCfg = Release|x86
		{617A7B35-06F5-4BCB-81BA-BB3746E2C0A3}.Release|Mixed Platforms.Build.0 = Release|x86
		{617A7B35-06F5-4BCB-81BA-BB3746E2C0A3}.Release|x86.ActiveCfg = Release|x86
		{617A7B35-06F5-4BCB-81BA-BB3746E2C0A3}.Release|x86.Build.0 = Release|x86
		{98E0081E-B4C1-4487-B66E-84979DCE8882}.Debug|Any CPU.ActiveCfg = Debug|x86
		{98E0081E-B4C1-4487-B66E-84979DCE8882}.Debug|Mixed Platforms.ActiveCfg = Debug|x86
		{98E0081E-B4C1-4487-B66E-84979DCE8882}.Debug|Mixed Platforms.Build.0 = Debug|x86
		{98E0081E-B4C1-4487-B66E-84979DCE8882}.Debug|x86.ActiveCfg = Debug|x86
		{98E0081E-B4C1-4487-B66E-84979DCE8882}.Debug|x86.Build.0 = Debug|x86
		{98E0081E-B4C1-4487-B66E-84979DCE8882}.Release|Any CPU.ActiveCfg = Release|x86
		{98E0081E-B4C1-4487-B66E-84979DCE8882}.Release|Any CPU.Build.0 = Release|x86
		{98E0081E-B4C1-4487-B66E-84979DCE8882}.Release|Mixed Platforms.ActiveCfg = Release|x86
		{98E0081E-B4C1-4487-B66E-84979DCE8882}.Release|Mixed Platforms.Build.0 = Release|x86
		{98E0081E-B4C1-4487-B66E-84979DCE8882}.Release|x86.ActiveCfg = Release|x86
		{98E0081E-B4C1-4487-B66E-84979DCE8882}.Release|x86.Build.0 = Release|x86
		{D29840E8-C1CE-4AB6-ACD3-1A839AA6CB3E}.Debug|Any CPU.ActiveCfg = Debug|Any CPU
		{D29840E8-C1CE-4AB6-ACD3-1A839AA6CB3E}.Debug|Any CPU.Build.0 = Debug|Any CPU
		{D29840E8-C1CE-4AB6-ACD3-1A839AA6CB3E}.Debug|Mixed Platforms.ActiveCfg = Debug|Any CPU
		{D29840E8-C1CE-4AB6-ACD3-1A839AA6CB3E}.Debug|Mixed Platforms.Build.0 = Debug|Any CPU
		{D29840E8-C1CE-4AB6-ACD3-1A839AA6CB3E}.Debug|x86.ActiveCfg = Debug|Any CPU
		{D29840E8-C1CE-4AB6-ACD3-1A839AA6CB3E}.Release|Any CPU.ActiveCfg = Release|Any CPU
		{D29840E8-C1CE-4AB6-ACD3-1A839AA6CB3E}.Release|Any CPU.Build.0 = Release|Any CPU
		{D29840E8-C1CE-4AB6-ACD3-1A839AA6CB3E}.Release|Mixed Platforms.ActiveCfg = Release|Any CPU
		{D29840E8-C1CE-4AB6-ACD3-1A839AA6CB3E}.Release|Mixed Platforms.Build.0 = Release|Any CPU
		{D29840E8-C1CE-4AB6-ACD3-1A839AA6CB3E}.Release|x86.ActiveCfg = Release|Any CPU
		{3338FD4A-4C30-48AE-A767-2AC9A2E9B34B}.Debug|Any CPU.ActiveCfg = Debug|Any CPU
		{3338FD4A-4C30-48AE-A767-2AC9A2E9B34B}.Debug|Any CPU.Build.0 = Debug|Any CPU
		{3338FD4A-4C30-48AE-A767-2AC9A2E9B34B}.Debug|Mixed Platforms.ActiveCfg = Debug|Any CPU
		{3338FD4A-4C30-48AE-A767-2AC9A2E9B34B}.Debug|Mixed Platforms.Build.0 = Debug|Any CPU
		{3338FD4A-4C30-48AE-A767-2AC9A2E9B34B}.Debug|x86.ActiveCfg = Debug|Any CPU
		{3338FD4A-4C30-48AE-A767-2AC9A2E9B34B}.Release|Any CPU.ActiveCfg = Release|Any CPU
		{3338FD4A-4C30-48AE-A767-2AC9A2E9B34B}.Release|Any CPU.Build.0 = Release|Any CPU
		{3338FD4A-4C30-48AE-A767-2AC9A2E9B34B}.Release|Mixed Platforms.ActiveCfg = Release|Any CPU
		{3338FD4A-4C30-48AE-A767-2AC9A2E9B34B}.Release|Mixed Platforms.Build.0 = Release|Any CPU
		{3338FD4A-4C30-48AE-A767-2AC9A2E9B34B}.Release|x86.ActiveCfg = Release|Any CPU
		{7C9B4AC9-07BF-4701-97C3-AC623B8D8C9F}.Debug|Any CPU.ActiveCfg = Debug|Any CPU
		{7C9B4AC9-07BF-4701-97C3-AC623B8D8C9F}.Debug|Any CPU.Build.0 = Debug|Any CPU
		{7C9B4AC9-07BF-4701-97C3-AC623B8D8C9F}.Debug|Mixed Platforms.ActiveCfg = Debug|Any CPU
		{7C9B4AC9-07BF-4701-97C3-AC623B8D8C9F}.Debug|Mixed Platforms.Build.0 = Debug|Any CPU
		{7C9B4AC9-07BF-4701-97C3-AC623B8D8C9F}.Debug|x86.ActiveCfg = Debug|Any CPU
		{7C9B4AC9-07BF-4701-97C3-AC623B8D8C9F}.Release|Any CPU.ActiveCfg = Release|Any CPU
		{7C9B4AC9-07BF-4701-97C3-AC623B8D8C9F}.Release|Any CPU.Build.0 = Release|Any CPU
		{7C9B4AC9-07BF-4701-97C3-AC623B8D8C9F}.Release|Mixed Platforms.ActiveCfg = Release|Any CPU
		{7C9B4AC9-07BF-4701-97C3-AC623B8D8C9F}.Release|Mixed Platforms.Build.0 = Release|Any CPU
		{7C9B4AC9-07BF-4701-97C3-AC623B8D8C9F}.Release|x86.ActiveCfg = Release|Any CPU
	EndGlobalSection
	GlobalSection(SolutionProperties) = preSolution
		HideSolutionNode = FALSE
	EndGlobalSection
EndGlobal
