
Microsoft Visual Studio Solution File, Format Version 12.00
# Visual Studio 2013
VisualStudioVersion = 12.0.21005.1
MinimumVisualStudioVersion = 10.0.40219.1
Project("{FAE04EC0-301F-11D3-BF4B-00C04F79EFBC}") = "UserViewer", "UserViewer\UserViewer.csproj", "{C61BFE39-C518-4265-831F-F7DA3C556C5E}"
EndProject
Project("{FAE04EC0-301F-11D3-BF4B-00C04F79EFBC}") = "DataProviders", "..\Libs\DataProviders\DataProviders\DataProviders.csproj", "{3338FD4A-4C30-48AE-A767-2AC9A2E9B34B}"
EndProject
Project("{FAE04EC0-301F-11D3-BF4B-00C04F79EFBC}") = "Logger", "..\Libs\Common\Logger\Logger\Logger.csproj", "{38BE7640-6D93-4F15-9B70-65BBA0374CFD}"
EndProject
Global
	GlobalSection(SolutionConfigurationPlatforms) = preSolution
		Debug|Any CPU = Debug|Any CPU
		Release|Any CPU = Release|Any CPU
	EndGlobalSection
	GlobalSection(ProjectConfigurationPlatforms) = postSolution
		{C61BFE39-C518-4265-831F-F7DA3C556C5E}.Debug|Any CPU.ActiveCfg = Debug|Any CPU
		{C61BFE39-C518-4265-831F-F7DA3C556C5E}.Debug|Any CPU.Build.0 = Debug|Any CPU
		{C61BFE39-C518-4265-831F-F7DA3C556C5E}.Release|Any CPU.ActiveCfg = Release|Any CPU
		{C61BFE39-C518-4265-831F-F7DA3C556C5E}.Release|Any CPU.Build.0 = Release|Any CPU
		{3338FD4A-4C30-48AE-A767-2AC9A2E9B34B}.Debug|Any CPU.ActiveCfg = Debug|Any CPU
		{3338FD4A-4C30-48AE-A767-2AC9A2E9B34B}.Debug|Any CPU.Build.0 = Debug|Any CPU
		{3338FD4A-4C30-48AE-A767-2AC9A2E9B34B}.Release|Any CPU.ActiveCfg = Release|Any CPU
		{3338FD4A-4C30-48AE-A767-2AC9A2E9B34B}.Release|Any CPU.Build.0 = Release|Any CPU
		{38BE7640-6D93-4F15-9B70-65BBA0374CFD}.Debug|Any CPU.ActiveCfg = Debug|Any CPU
		{38BE7640-6D93-4F15-9B70-65BBA0374CFD}.Debug|Any CPU.Build.0 = Debug|Any CPU
		{38BE7640-6D93-4F15-9B70-65BBA0374CFD}.Release|Any CPU.ActiveCfg = Release|Any CPU
		{38BE7640-6D93-4F15-9B70-65BBA0374CFD}.Release|Any CPU.Build.0 = Release|Any CPU
	EndGlobalSection
	GlobalSection(SolutionProperties) = preSolution
		HideSolutionNode = FALSE
	EndGlobalSection
EndGlobal
